
Microsoft Visual Studio Solution File, Format Version 12.00
# Visual Studio Version 17
VisualStudioVersion = 17.14.36202.13 d17.14
MinimumVisualStudioVersion = 10.0.40219.1
Project("{FAE04EC0-301F-11D3-BF4B-00C04F79EFBC}") = "CompanyRegistration.API", "CompanyRegistration.API\CompanyRegistration.API.csproj", "{3BE65F64-786D-408B-9B5B-92B27580E8B9}"
EndProject
Project("{FAE04EC0-301F-11D3-BF4B-00C04F79EFBC}") = "CompanyRegistration.Services", "CompanyRegistration.Services\CompanyRegistration.Services.csproj", "{DF8AF8D0-0FAD-46AA-8DD0-379CCED411A8}"
EndProject
Project("{FAE04EC0-301F-11D3-BF4B-00C04F79EFBC}") = "CompanyRegistration.Repository", "CompanyRegistration.Repository\CompanyRegistration.Repository.csproj", "{5897E9BD-E788-45E9-AFA3-BC3EA02889B2}"
EndProject
Project("{FAE04EC0-301F-11D3-BF4B-00C04F79EFBC}") = "CompanyRegistration.Data", "CompanyRegistration.Data\CompanyRegistration.Data.csproj", "{1397DA31-EF5E-4BDC-9001-9A533F77D562}"
EndProject
Global
	GlobalSection(SolutionConfigurationPlatforms) = preSolution
		Debug|Any CPU = Debug|Any CPU
		Release|Any CPU = Release|Any CPU
	EndGlobalSection
	GlobalSection(ProjectConfigurationPlatforms) = postSolution
		{3BE65F64-786D-408B-9B5B-92B27580E8B9}.Debug|Any CPU.ActiveCfg = Debug|Any CPU
		{3BE65F64-786D-408B-9B5B-92B27580E8B9}.Debug|Any CPU.Build.0 = Debug|Any CPU
		{3BE65F64-786D-408B-9B5B-92B27580E8B9}.Release|Any CPU.ActiveCfg = Release|Any CPU
		{3BE65F64-786D-408B-9B5B-92B27580E8B9}.Release|Any CPU.Build.0 = Release|Any CPU
		{DF8AF8D0-0FAD-46AA-8DD0-379CCED411A8}.Debug|Any CPU.ActiveCfg = Debug|Any CPU
		{DF8AF8D0-0FAD-46AA-8DD0-379CCED411A8}.Debug|Any CPU.Build.0 = Debug|Any CPU
		{DF8AF8D0-0FAD-46AA-8DD0-379CCED411A8}.Release|Any CPU.ActiveCfg = Release|Any CPU
		{DF8AF8D0-0FAD-46AA-8DD0-379CCED411A8}.Release|Any CPU.Build.0 = Release|Any CPU
		{5897E9BD-E788-45E9-AFA3-BC3EA02889B2}.Debug|Any CPU.ActiveCfg = Debug|Any CPU
		{5897E9BD-E788-45E9-AFA3-BC3EA02889B2}.Debug|Any CPU.Build.0 = Debug|Any CPU
		{5897E9BD-E788-45E9-AFA3-BC3EA02889B2}.Release|Any CPU.ActiveCfg = Release|Any CPU
		{5897E9BD-E788-45E9-AFA3-BC3EA02889B2}.Release|Any CPU.Build.0 = Release|Any CPU
		{1397DA31-EF5E-4BDC-9001-9A533F77D562}.Debug|Any CPU.ActiveCfg = Debug|Any CPU
		{1397DA31-EF5E-4BDC-9001-9A533F77D562}.Debug|Any CPU.Build.0 = Debug|Any CPU
		{1397DA31-EF5E-4BDC-9001-9A533F77D562}.Release|Any CPU.ActiveCfg = Release|Any CPU
		{1397DA31-EF5E-4BDC-9001-9A533F77D562}.Release|Any CPU.Build.0 = Release|Any CPU
	EndGlobalSection
	GlobalSection(SolutionProperties) = preSolution
		HideSolutionNode = FALSE
	EndGlobalSection
	GlobalSection(ExtensibilityGlobals) = postSolution
		SolutionGuid = {1556EE11-984E-4108-ABAB-A3A2A1B7A57F}
	EndGlobalSection
EndGlobal
